{
  "name": "websocket",
  "version": "1.0.0",
  "lockfileVersion": 1,
  "requires": true,
  "dependencies": {
    "commander": {
      "version": "0.6.1",
      "resolved": "https://registry.npmjs.org/commander/-/commander-0.6.1.tgz",
      "integrity": "sha1-+mihT2qUXVTbvlDYzbMyDp47GgY=",
      "dev": true
    },
    "debug": {
      "version": "4.1.1",
      "resolved": "https://registry.npmjs.org/debug/-/debug-4.1.1.tgz",
      "integrity": "sha512-pYAIzeRo8J6KPEaJ0VWOh5Pzkbw/RetuzehGM7QRRX5he4fPHx2rdKMB256ehJCkX+XRQm16eZLqLNS8RSZXZw==",
      "dev": true,
      "requires": {
        "ms": "^2.1.1"
      }
    },
    "ms": {
      "version": "2.1.1",
      "resolved": "https://registry.npmjs.org/ms/-/ms-2.1.1.tgz",
      "integrity": "sha512-tgp+dl5cGk28utYktBsrFqA7HKgrhgPsg6Z/EfhWI4gl1Hwq8B/GmY/0oXZ6nF8hDVesS/FpnYaD/kOWhYQvyg==",
      "dev": true
    },
    "options": {
      "version": "0.0.6",
      "resolved": "https://registry.npmjs.org/options/-/options-0.0.6.tgz",
      "integrity": "sha1-7CLTEoBrtT5zF3Pnza788cZDEo8=",
      "dev": true
    },
    "tinycolor": {
      "version": "0.0.1",
      "resolved": "https://registry.npmjs.org/tinycolor/-/tinycolor-0.0.1.tgz",
      "integrity": "sha1-MgtaUtg6u1l42Bo+iH1K77FaYWQ=",
      "dev": true
    },
    "websocket.io": {
      "version": "0.2.1",
      "resolved": "https://registry.npmjs.org/websocket.io/-/websocket.io-0.2.1.tgz",
      "integrity": "sha1-eerxdLkez6T78U/+JohxwFLkfSo=",
      "dev": true,
      "requires": {
        "debug": "*",
        "ws": "0.4.20"
      }
    },
    "ws": {
      "version": "0.4.20",
      "resolved": "https://registry.npmjs.org/ws/-/ws-0.4.20.tgz",
      "integrity": "sha1-9Etj9Gue38RXMJxyC8wPg/L8WHQ=",
      "dev": true,
      "requires": {
        "commander": "~0.6.1",
        "options": "^0.0.6",
        "tinycolor": "0.x"
      }
    }
  }
}
